
Microsoft Visual Studio Solution File, Format Version 12.00
# Visual Studio Version 17
VisualStudioVersion = 17.9.34902.65
MinimumVisualStudioVersion = 10.0.40219.1
Project("{FAE04EC0-301F-11D3-BF4B-00C04F79EFBC}") = "TheSailOSProject", "TheSailOSProject\TheSailOSProject.csproj", "{02955FB1-70C4-420D-A35D-92075D92ADF4}"
EndProject
Global
	GlobalSection(SolutionConfigurationPlatforms) = preSolution
		Debug|Any CPU = Debug|Any CPU
		Release|Any CPU = Release|Any CPU
	EndGlobalSection
	GlobalSection(ProjectConfigurationPlatforms) = postSolution
		{02955FB1-70C4-420D-A35D-92075D92ADF4}.Debug|Any CPU.ActiveCfg = Debug|Any CPU
		{02955FB1-70C4-420D-A35D-92075D92ADF4}.Debug|Any CPU.Build.0 = Debug|Any CPU
		{02955FB1-70C4-420D-A35D-92075D92ADF4}.Release|Any CPU.ActiveCfg = Release|Any CPU
		{02955FB1-70C4-420D-A35D-92075D92ADF4}.Release|Any CPU.Build.0 = Release|Any CPU
	EndGlobalSection
	GlobalSection(SolutionProperties) = preSolution
		HideSolutionNode = FALSE
	EndGlobalSection
	GlobalSection(ExtensibilityGlobals) = postSolution
		SolutionGuid = {22F81FF8-6489-40AC-961E-B06F239EAEC1}
	EndGlobalSection
EndGlobal
